{
  "object": {
    "pins": [
      {
        "package": "Swidux",
        "repositoryURL": "https://github.com/clmntcrl/swidux.git",
        "state": {
          "branch": null,
          "revision": "c99d90fa519d396a6bfe701d11c435c0f1715802",
          "version": "1.0.0"
        }
      },
      {
        "package": "SwiduxEcho",
        "repositoryURL": "https://github.com/clmntcrl/swidux-echo.git",
        "state": {
          "branch": null,
          "revision": "c7496efe88557c7da6982a3e553d2293a23399f9",
          "version": "0.2.0"
        }
      },
      {
        "package": "SwiduxRouter",
        "repositoryURL": "https://github.com/clmntcrl/swidux-router.git",
        "state": {
          "branch": null,
          "revision": "37c924b370a08c7f50274e52e664cd06489acfc5",
          "version": "0.2.0"
        }
      }
    ]
  },
  "version": 1
}
